github.com/setapermana/go-say-hello-pc v1.0.0 h1:zpunmRCN0Mc6fQN/BzhrUSdsGLchiHHfJ1VByHGklgw=
github.com/setapermana/go-say-hello-pc v1.0.0/go.mod h1:xHwQEktwlJEfSu/Y+m3VzIP+i/JjKHviRzrJhGV/Uug=
github.com/setapermana/go-say-hello-pc v1.0.1 h1:j1uZVnYS0pQpFkoMwDzMd5fiVgjXsYY980DbTXzdV4E=
github.com/setapermana/go-say-hello-pc v1.0.1/go.mod h1:xHwQEktwlJEfSu/Y+m3VzIP+i/JjKHviRzrJhGV/Uug=
github.com/setapermana/go-say-hello-pc/v2 v2.0.0 h1:+W4/xcoolQQeLzFfgCHdjT6ejlEy4JBo/XAJhEejWcY=
github.com/setapermana/go-say-hello-pc/v2 v2.0.0/go.mod h1:o8BIW2Z95SMHVns0WIGml2TFoclz3zYTlF/9kggCRvE=
